
Microsoft Visual Studio Solution File, Format Version 12.00
# Visual Studio Version 17
VisualStudioVersion = 17.4.33122.133
MinimumVisualStudioVersion = 10.0.40219.1
Project("{FAE04EC0-301F-11D3-BF4B-00C04F79EFBC}") = "Calculator", "Calculator\Calculator.csproj", "{CA22CFA8-EDB8-4738-ACDF-C150F961FB13}"
EndProject
Global
	GlobalSection(SolutionConfigurationPlatforms) = preSolution
		Debug|Any CPU = Debug|Any CPU
		Release|Any CPU = Release|Any CPU
	EndGlobalSection
	GlobalSection(ProjectConfigurationPlatforms) = postSolution
		{CA22CFA8-EDB8-4738-ACDF-C150F961FB13}.Debug|Any CPU.ActiveCfg = Debug|Any CPU
		{CA22CFA8-EDB8-4738-ACDF-C150F961FB13}.Debug|Any CPU.Build.0 = Debug|Any CPU
		{CA22CFA8-EDB8-4738-ACDF-C150F961FB13}.Release|Any CPU.ActiveCfg = Release|Any CPU
		{CA22CFA8-EDB8-4738-ACDF-C150F961FB13}.Release|Any CPU.Build.0 = Release|Any CPU
	EndGlobalSection
	GlobalSection(SolutionProperties) = preSolution
		HideSolutionNode = FALSE
	EndGlobalSection
	GlobalSection(ExtensibilityGlobals) = postSolution
		SolutionGuid = {6416A01E-82FA-4123-B651-71B9AFF69098}
	EndGlobalSection
EndGlobal
